
Microsoft Visual Studio Solution File, Format Version 12.00
# Visual Studio Version 16
VisualStudioVersion = 16.0.32228.343
MinimumVisualStudioVersion = 10.0.40219.1
Project("{FAE04EC0-301F-11D3-BF4B-00C04F79EFBC}") = "Hangman", "Hangman\Hangman.csproj", "{F7F9A5D1-8D5F-47C8-8EC1-00CC8611900B}"
EndProject
Global
	GlobalSection(SolutionConfigurationPlatforms) = preSolution
		Debug|Any CPU = Debug|Any CPU
		Release|Any CPU = Release|Any CPU
	EndGlobalSection
	GlobalSection(ProjectConfigurationPlatforms) = postSolution
		{F7F9A5D1-8D5F-47C8-8EC1-00CC8611900B}.Debug|Any CPU.ActiveCfg = Debug|Any CPU
		{F7F9A5D1-8D5F-47C8-8EC1-00CC8611900B}.Debug|Any CPU.Build.0 = Debug|Any CPU
		{F7F9A5D1-8D5F-47C8-8EC1-00CC8611900B}.Release|Any CPU.ActiveCfg = Release|Any CPU
		{F7F9A5D1-8D5F-47C8-8EC1-00CC8611900B}.Release|Any CPU.Build.0 = Release|Any CPU
	EndGlobalSection
	GlobalSection(SolutionProperties) = preSolution
		HideSolutionNode = FALSE
	EndGlobalSection
	GlobalSection(ExtensibilityGlobals) = postSolution
		SolutionGuid = {BE4529B9-AA11-4F91-AA97-69930624D1A3}
	EndGlobalSection
EndGlobal
